<?xml version="1.0" encoding="utf-8"?>
<Project ToolsVersion="4.0" xmlns="http://schemas.microsoft.com/developer/msbuild/2003">
  <ItemGroup>
    <ClInclude Include="Solidum\GraphicsRendering\Directx11Rendering\dxDevice\include\dxDevice.h" />
    <ClInclude Include="Solidum\GraphicsRendering\Directx11Rendering\dxDevice\include\dxDeviceAccessor.h" />
    <ClInclude Include="Solidum\GraphicsRendering\Directx11Rendering\dxDevice\include\dxDeviceManager.h" />
    <ClInclude Include="Solidum\GraphicsRendering\Directx11Rendering\dxRenderTarget\include\dxRenderTarget.h" />
    <ClInclude Include="Solidum\GraphicsRendering\Directx11Rendering\dxTextures\include\dxTexture.h" />
    <ClInclude Include="Solidum\GraphicsRendering\Directx11Rendering\dxTextures\include\dxTextureSampleState.h" />
    <ClInclude Include="Solidum\GraphicsRendering\Lights\include\Light.h" />
    <ClInclude Include="Solidum\GraphicsRendering\Mesh\include\mesh.h" />
    <ClInclude Include="Solidum\GraphicsRendering\Mesh\include\meshLoader.h" />
    <ClInclude Include="Solidum\GraphicsRendering\Mesh\include\meshLoaderOBJ.h" />
    <ClInclude Include="Solidum\GraphicsRendering\Window\include\window.h" />
    <ClInclude Include="Solidum\GraphicsRendering\Window\include\windowAccessor.h" />
    <ClInclude Include="Solidum\GraphicsRendering\Camera\include\camera.h" />
    <ClInclude Include="Solidum\GraphicsRendering\Camera\include\Timer.h" />
    <ClInclude Include="Solidum\sysInclude.h" />
    <ClInclude Include="Solidum\EngineCore\SolidumObject\Controllers\include\movementController.h" />
    <ClInclude Include="Solidum\EngineCore\SolidumObject\Objects\include\SolidumObject.h" />
    <ClInclude Include="Solidum\EngineCore\SolidumObject\Controllers\include\IController.h" />
    <ClInclude Include="Solidum\GraphicsRendering\Mesh\include\meshFactory.h" />
    <ClInclude Include="Solidum\GraphicsRendering\Lights\include\LightFactory.h" />
    <ClInclude Include="Solidum\EngineCore\Transform\include\Transform.h" />
    <ClInclude Include="Solidum\EngineUtils\include\StringManipulation.h" />
    <ClInclude Include="Solidum\GraphicsRendering\Directx11Rendering\dxShaders\include\dxShader.h" />
    <ClInclude Include="Solidum\GraphicsRendering\RenderTarget\include\RenderTarget.h" />
    <ClInclude Include="Solidum\GraphicsRendering\RenderingCore\include\GraphicsRenderer.h" />
    <ClInclude Include="Solidum\GraphicsRendering\Directx11Rendering\dxBuffers\include\dxGPUBuffer.h" />
    <ClInclude Include="Solidum\GraphicsRendering\GraphicsBuffers\include\GPUBuffer.h" />
    <ClInclude Include="Solidum\GraphicsRendering\GPUPipeline\include\GPUPipeline.h" />
    <ClInclude Include="Solidum\GraphicsRendering\GPUPipeline\include\GPUPipelineFactory.h" />
    <ClInclude Include="Solidum\GraphicsRendering\Directx11Rendering\dxGPUPipeline\include\dxGPUPipeline.h" />
    <ClInclude Include="Solidum\GraphicsRendering\Textures\include\Texture.h" />
    <ClInclude Include="Solidum\GraphicsRendering\Textures\include\TextureSampler.h" />
    <ClInclude Include="Solidum\GraphicsRendering\Directx11Rendering\dxShaders\include\dxShaderInputLayout.h" />
    <ClInclude Include="Solidum\GraphicsRendering\Shaders\include\ShaderInputLayout.h" />
    <ClInclude Include="Solidum\GraphicsRendering\GraphicsResourcePool\include\GraphicsResourcePoolManager.h" />
    <ClInclude Include="Solidum\GraphicsRendering\GraphicsResourcePool\include\GraphicsResourcePool.h" />
    <ClInclude Include="Solidum\GraphicsRendering\Shaders\include\Shader.h" />
    <ClInclude Include="Solidum\GraphicsRendering\GraphicsBuffers\include\GPUBufferFactory.h" />
    <ClInclude Include="Solidum\GraphicsRendering\Textures\include\TextureFactory.h" />
    <ClInclude Include="Solidum\GraphicsRendering\Textures\include\TextureSamplerFactory.h" />
    <ClInclude Include="Solidum\GraphicsRendering\RenderTarget\include\RenderTargetFactory.h" />
    <ClInclude Include="Solidum\GraphicsRendering\GraphicsResourcePool\include\GraphicsResourcePoolManagerAccessor.h" />
    <ClInclude Include="Solidum\GraphicsRendering\RenderingCore\include\ActiveAPITypeAccessor.h" />
    <ClInclude Include="Solidum\GraphicsRendering\Shaders\include\ShaderFactory.h" />
    <ClInclude Include="Solidum\EngineUtils\include\DynamicBuffer.h" />
  </ItemGroup>
  <ItemGroup>
    <ClCompile Include="main.cpp" />
    <ClCompile Include="Solidum\GraphicsRendering\Directx11Rendering\dxDevice\src\dxDevice.cpp" />
    <ClCompile Include="Solidum\GraphicsRendering\Directx11Rendering\dxDevice\src\dxDeviceAccessor.cpp" />
    <ClCompile Include="Solidum\GraphicsRendering\Directx11Rendering\dxDevice\src\dxDeviceManager.cpp" />
    <ClCompile Include="Solidum\GraphicsRendering\Directx11Rendering\dxRenderTarget\src\dxRenderTarget.cpp" />
    <ClCompile Include="Solidum\GraphicsRendering\Lights\src\Light.cpp" />
    <ClCompile Include="Solidum\GraphicsRendering\Mesh\src\mesh.cpp" />
    <ClCompile Include="Solidum\GraphicsRendering\Mesh\src\meshLoader.cpp" />
    <ClCompile Include="Solidum\GraphicsRendering\Mesh\src\meshLoaderOBJ.cpp" />
    <ClCompile Include="Solidum\GraphicsRendering\Window\src\window.cpp" />
    <ClCompile Include="Solidum\GraphicsRendering\Window\src\windowAccessor.cpp" />
    <ClCompile Include="Solidum\GraphicsRendering\Camera\src\camera.cpp" />
    <ClCompile Include="Solidum\EngineCore\SolidumObject\Controllers\src\movementController.cpp" />
    <ClCompile Include="Solidum\EngineCore\SolidumObject\Objects\src\SolidumObject.cpp" />
    <ClCompile Include="Solidum\EngineCore\SolidumObject\Controllers\src\IController.cpp" />
    <ClCompile Include="Solidum\GraphicsRendering\Mesh\src\meshFactory.cpp" />
    <ClCompile Include="Solidum\GraphicsRendering\Lights\src\LightFactory.cpp" />
    <ClCompile Include="Solidum\GraphicsRendering\Directx11Rendering\dxTextures\src\dxTexture.cpp" />
    <ClCompile Include="Solidum\GraphicsRendering\Directx11Rendering\dxTextures\src\dxTextureSampleState.cpp" />
    <ClCompile Include="Solidum\EngineCore\Transform\src\Transform.cpp" />
    <ClCompile Include="Solidum\EngineUtils\src\StringManipulation.cpp" />
    <ClCompile Include="Solidum\GraphicsRendering\RenderTarget\src\RenderTarget.cpp" />
    <ClCompile Include="Solidum\GraphicsRendering\RenderingCore\src\GraphicsRenderer.cpp" />
    <ClCompile Include="Solidum\GraphicsRendering\Directx11Rendering\dxBuffers\src\dxGPUBuffer.cpp" />
    <ClCompile Include="Solidum\GraphicsRendering\GraphicsBuffers\src\GPUBuffer.cpp" />
    <ClCompile Include="Solidum\GraphicsRendering\GPUPipeline\src\GPUPipeline.cpp" />
    <ClCompile Include="Solidum\GraphicsRendering\GPUPipeline\src\GPUPipelineFactory.cpp" />
    <ClCompile Include="Solidum\GraphicsRendering\Directx11Rendering\dxGPUPipeline\src\dxGPUPipeline.cpp" />
    <ClCompile Include="Solidum\GraphicsRendering\Textures\src\Texture.cpp" />
    <ClCompile Include="Solidum\GraphicsRendering\Textures\src\TextureSampler.cpp" />
    <ClCompile Include="Solidum\GraphicsRendering\GraphicsResourcePool\src\GraphicsResourcePoolManager.cpp" />
    <ClCompile Include="Solidum\GraphicsRendering\GraphicsResourcePool\src\GraphicsResourcePool.cpp" />
    <ClCompile Include="Solidum\GraphicsRendering\GraphicsBuffers\src\GPUBufferFactory.cpp" />
    <ClCompile Include="Solidum\GraphicsRendering\Textures\src\TextureSamplerFactory.cpp" />
    <ClCompile Include="Solidum\GraphicsRendering\Textures\src\TextureFactory.cpp" />
    <ClCompile Include="Solidum\GraphicsRendering\RenderTarget\src\RenderTargetFactory.cpp" />
    <ClCompile Include="Solidum\GraphicsRendering\Directx11Rendering\dxShaders\src\dxShaderInputLayout.cpp" />
    <ClCompile Include="Solidum\GraphicsRendering\GraphicsResourcePool\src\GraphicsResourcePoolManagerAccessor.cpp" />
    <ClCompile Include="Solidum\GraphicsRendering\RenderingCore\src\ActiveAPITypeAccessor.cpp" />
    <ClCompile Include="Solidum\GraphicsRendering\Shaders\src\Shader.cpp" />
    <ClCompile Include="Solidum\GraphicsRendering\Shaders\src\ShaderFactory.cpp" />
    <ClCompile Include="Solidum\GraphicsRendering\Shaders\src\ShaderInputLayout.cpp" />
    <ClCompile Include="Solidum\EngineUtils\src\DynamicBuffer.cpp" />
    <ClCompile Include="Solidum\GraphicsRendering\Directx11Rendering\dxShaders\src\dxShader.cpp" />
  </ItemGroup>
  <ItemGroup>
    <FxCompile Include="res\shaders\deferredShader.fx" />
    <FxCompile Include="res\shaders\DirectionalLight.fx" />
    <FxCompile Include="res\shaders\spotLight.fx" />
  </ItemGroup>
</Project>