<?xml version="1.0" encoding="utf-8"?>
<Project ToolsVersion="4.0" xmlns="http://schemas.microsoft.com/developer/msbuild/2003">
  <ItemGroup>
    <ClInclude Include="Solidum\sysInclude.h" />
    <ClInclude Include="Solidum\EngineUtils\include\StringManipulation.h" />
    <ClInclude Include="Solidum\EngineCore\include\EngineInstance.h" />
    <ClInclude Include="Solidum\WorldSimulation\include\World.h" />
    <ClInclude Include="Solidum\WorldSimulation\include\WorldManager.h" />
    <ClInclude Include="Solidum\EngineUtils\include\DynamicStruct.h" />
    <ClInclude Include="Solidum\EventFramework\include\IEventListener.h" />
    <ClInclude Include="Solidum\EventFramework\include\EventFrameworkCore.h" />
    <ClInclude Include="Solidum\InputHandling\include\InputHandler.h" />
    <ClInclude Include="Solidum\GraphicsRendering\Directx11Rendering\dxBuffers\include\dxGPUBuffer.h" />
    <ClInclude Include="Solidum\GraphicsRendering\Directx11Rendering\dxDevice\include\dxDevice.h" />
    <ClInclude Include="Solidum\GraphicsRendering\Directx11Rendering\dxDevice\include\dxDeviceAccessor.h" />
    <ClInclude Include="Solidum\GraphicsRendering\Directx11Rendering\dxDevice\include\dxDeviceManager.h" />
    <ClInclude Include="Solidum\GraphicsRendering\Directx11Rendering\dxRenderTarget\include\dxRenderTarget.h" />
    <ClInclude Include="Solidum\GraphicsRendering\Directx11Rendering\dxShaders\include\dxShader.h" />
    <ClInclude Include="Solidum\GraphicsRendering\Directx11Rendering\dxShaders\include\dxShaderInputLayout.h" />
    <ClInclude Include="Solidum\GraphicsRendering\Directx11Rendering\dxTextures\include\dxTexture.h" />
    <ClInclude Include="Solidum\GraphicsRendering\Directx11Rendering\dxTextures\include\dxTextureSampleState.h" />
    <ClInclude Include="Solidum\GraphicsRendering\GPUPipeline\include\GPUPipeline.h" />
    <ClInclude Include="Solidum\GraphicsRendering\GraphicsBuffers\include\GPUBuffer.h" />
    <ClInclude Include="Solidum\GraphicsRendering\GraphicsCore\include\GraphicsCore.h" />
    <ClInclude Include="Solidum\GraphicsRendering\Lights\include\ILight.h" />
    <ClInclude Include="Solidum\GraphicsRendering\Lights\include\Light.h" />
    <ClInclude Include="Solidum\GraphicsRendering\Material\include\Material.h" />
    <ClInclude Include="Solidum\GraphicsRendering\Mesh\include\mesh.h" />
    <ClInclude Include="Solidum\GraphicsRendering\Mesh\include\meshLoader.h" />
    <ClInclude Include="Solidum\GraphicsRendering\Mesh\include\meshLoaderOBJ.h" />
    <ClInclude Include="Solidum\GraphicsRendering\RenderTarget\include\RenderTarget.h" />
    <ClInclude Include="Solidum\GraphicsRendering\Shaders\include\Shader.h" />
    <ClInclude Include="Solidum\GraphicsRendering\Shaders\include\ShaderInputLayout.h" />
    <ClInclude Include="Solidum\GraphicsRendering\Textures\include\Texture.h" />
    <ClInclude Include="Solidum\GraphicsRendering\Textures\include\TextureSampler.h" />
    <ClInclude Include="Solidum\GraphicsRendering\Transform\include\Transform.h" />
    <ClInclude Include="Solidum\GraphicsRendering\Window\include\window.h" />
    <ClInclude Include="Solidum\GraphicsRendering\ActiveGraphicsAPI.h" />
    <ClInclude Include="Solidum\WorldSimulation\include\WorldCell.h" />
    <ClInclude Include="Solidum\EntityFramework\Components\include\IComponent.h" />
    <ClInclude Include="Solidum\EntityFramework\Components\include\MoveComponent.h" />
    <ClInclude Include="Solidum\EventFramework\include\EventHub.h" />
    <ClInclude Include="Solidum\EntityFramework\Components\include\MeshComponent.h" />
    <ClInclude Include="Solidum\EntityFramework\Components\include\LightComponent.h" />
    <ClInclude Include="Solidum\EntityFramework\Entity\include\IEntity.h" />
    <ClInclude Include="Solidum\EntityFramework\Entity\include\Entity.h" />
    <ClInclude Include="Solidum\EntityFramework\Components\include\Component.h" />
    <ClInclude Include="Solidum\EngineUtils\include\Vector4.h" />
    <ClInclude Include="Solidum\EngineUtils\include\Vector2.h" />
    <ClInclude Include="Solidum\EngineUtils\include\Vector3.h" />
    <ClInclude Include="Solidum\EngineUtils\include\Matrix4x4.h" />
    <ClInclude Include="Solidum\EngineUtils\include\Matrix3x3.h" />
    <ClInclude Include="Solidum\EngineUtils\include\MiscMath.h" />
    <ClInclude Include="Solidum\EngineUtils\include\Quaternion.h" />
    <ClInclude Include="Solidum\GraphicsRendering\Shaders\include\IShader.h" />
    <ClInclude Include="Solidum\EntityFramework\Components\include\CameraComponent.h" />
    <ClInclude Include="Solidum\EngineUtils\include\Timer.h" />
    <ClInclude Include="Solidum\GraphicsRendering\Directx11Rendering\api_function_wrappers\include\dx11_pipeline_functions_wrapper.h" />
    <ClInclude Include="Solidum\GraphicsRendering\GraphicsCommand\include\GraphicsCommand.h" />
    <ClInclude Include="Solidum\GraphicsRendering\ShaderCommands\include\ShaderCommand.h" />
    <ClInclude Include="Solidum\GraphicsRendering\PipelineCommands\include\PipelineCommand.h" />
    <ClInclude Include="Solidum\GraphicsRendering\PipelineCommands\include\PipelineFunctions.h" />
    <ClInclude Include="Solidum\EntityFramework\Components\include\SkydomeWeatherComponent.h" />
    <ClInclude Include="Solidum\EntityFramework\Components\include\OrbitComponent.h" />
    <ClInclude Include="Solidum\EntityFramework\Components\include\SunMoonLightingComponent.h" />
    <ClInclude Include="Solidum\GraphicsRendering\EntityRenderObject\include\EntityRenderObject.h" />
    <ClInclude Include="Solidum\GraphicsRendering\EntityRenderObject\include\IEntityRenderObject.h" />
    <ClInclude Include="Solidum\GraphicsRendering\Viewport\include\Viewport.h" />
    <ClInclude Include="Solidum\GraphicsRendering\GraphicsCommandList\include\GraphicsCommandList.h" />
    <ClInclude Include="Solidum\GraphicsRendering\GraphicsCore\include\IGraphicsCore.h" />
    <ClInclude Include="Solidum\GraphicsRendering\DepthStencil\include\DepthStencil.h" />
    <ClInclude Include="Solidum\GraphicsRendering\Directx11Rendering\dxDepthStencil\include\dxDepthStencil.h" />
    <ClInclude Include="Solidum\PhysicsFramework\include\BoundingSphere.h" />
    <ClInclude Include="Solidum\GraphicsRendering\Particles\include\Particle.h" />
    <ClInclude Include="Solidum\GraphicsRendering\Particles\include\ParticleStream.h" />
    <ClInclude Include="Solidum\EntityFramework\Components\include\ParticleEmitterComponent.h" />
    <ClInclude Include="Solidum\GraphicsRendering\Particles\include\InsertionSort.h" />
    <ClInclude Include="Solidum\GraphicsRendering\RenderFlowGraph\include\RenderFlowGraph.h" />
    <ClInclude Include="Solidum\GraphicsRendering\Shaders\include\ShaderParser.h" />
    <ClInclude Include="Solidum\GraphicsRendering\RenderFlowGraph\include\RenderFlowGraphParser.h" />
    <ClInclude Include="Solidum\EngineUtils\include\EnumString.h" />
    <ClInclude Include="Solidum\GraphicsRendering\RenderFlowGraph\include\RenderFlowGraphIOInterface.h" />
    <ClInclude Include="Solidum\EventFramework\include\Event.h" />
    <ClInclude Include="Solidum\TaskFramework\include\TaskTree.h" />
    <ClInclude Include="Solidum\TaskFramework\include\TaskThread.h" />
    <ClInclude Include="Solidum\TaskFramework\include\Task.h" />
    <ClInclude Include="Solidum\TaskFramework\include\TaskBarrier.h" />
    <ClInclude Include="Solidum\EngineUtils\include\VariantType.h" />
    <ClInclude Include="Solidum\GraphicsRendering\SpatialAccelerationStructures\include\TypeOptimizedTree.h" />
    <ClInclude Include="Solidum\GraphicsRendering\RenderDataProtocal\include\RenderDataGroup.h" />
    <ClInclude Include="Solidum\GraphicsRendering\RenderDataProtocal\include\RenderDataPacket.h" />
    <ClInclude Include="Solidum\GraphicsRendering\Renderer\include\Renderer.h" />
    <ClInclude Include="Solidum\GraphicsRendering\RenderPass\include\RenderPassWrapper.h" />
    <ClInclude Include="Solidum\GraphicsRendering\RenderPass\include\RenderPassDescriptorParser.h" />
    <ClInclude Include="Plugins\RenderPasses\light_render_pass.h" />
    <ClInclude Include="Plugins\RenderPasses\mesh_render_pass.h" />
    <ClInclude Include="Plugins\RenderPasses\shadow_map_render_pass.h" />
    <ClInclude Include="Plugins\RenderPasses\particle_render_pass.h" />
    <ClInclude Include="Plugins\RenderPasses\sky_render_pass.h" />
    <ClInclude Include="Solidum\GraphicsRendering\Shaders\include\ShaderUniformGroup.h" />
    <ClInclude Include="Solidum\GraphicsRendering\RenderDataProtocal\include\RenderDataAttribs.h" />
    <ClInclude Include="Solidum\GraphicsRendering\RenderDataProcessingLayers\include\RenderDataProcessingLayer.h" />
    <ClInclude Include="Solidum\GraphicsRendering\RenderDataProcessingLayers\include\FrustumCullingLayer.h" />
    <ClInclude Include="Solidum\MemoryManagement\include\SlabCache.h" />
    <ClInclude Include="Solidum\ResourceFramework\include\ResourceCreator.h" />
    <ClInclude Include="Solidum\ResourceFramework\include\Resource.h" />
    <ClInclude Include="Solidum\ResourceFramework\include\ResourceInitParams.h" />
    <ClInclude Include="Solidum\ResourceFramework\include\ResourceContext.h" />
    <ClInclude Include="Solidum\ResourceFramework\include\IResource.h" />
    <ClInclude Include="Solidum\GraphicsRendering\Textures\include\TextureFactory.h" />
    <ClInclude Include="Solidum\EngineCore\include\IEngineInstance.h" />
    <ClInclude Include="Solidum\ResourceFramework\include\ResourceLookupCache.h" />
    <ClInclude Include="Solidum\GraphicsRendering\Textures\include\TextureSamplerFactory.h" />
    <ClInclude Include="Solidum\ResourceFramework\include\GenericFactory.h" />
    <ClInclude Include="Solidum\GraphicsRendering\GraphicsBuffers\include\GPUBufferFactory.h" />
    <ClInclude Include="Solidum\GraphicsRendering\Shaders\include\ShaderFactory.h" />
    <ClInclude Include="Solidum\GraphicsRendering\DepthStencil\include\DepthStencilFactory.h" />
    <ClInclude Include="Solidum\GraphicsRendering\RenderTarget\include\RenderTargetFactory.h" />
    <ClInclude Include="Solidum\ResourceFramework\include\ResourcePool.h" />
    <ClInclude Include="Solidum\ResourceFramework\include\ResourceSignature.h" />
    <ClInclude Include="Solidum\MemoryManagement\include\RefCounted.h" />
    <ClInclude Include="Solidum\EngineUtils\include\PerfProfiler.h" />
  </ItemGroup>
  <ItemGroup>
    <ClCompile Include="main.cpp" />
    <ClCompile Include="Solidum\EngineCore\src\EngineInstance.cpp" />
    <ClCompile Include="Solidum\WorldSimulation\src\World.cpp" />
    <ClCompile Include="Solidum\WorldSimulation\src\WorldManager.cpp" />
    <ClCompile Include="Solidum\EventFramework\src\IEventListener.cpp" />
    <ClCompile Include="Solidum\EventFramework\src\EventFrameworkCore.cpp" />
    <ClCompile Include="Solidum\InputHandling\src\InputHandler.cpp" />
    <ClCompile Include="Solidum\GraphicsRendering\Directx11Rendering\dxBuffers\src\dxGPUBuffer.cpp" />
    <ClCompile Include="Solidum\GraphicsRendering\Directx11Rendering\dxDevice\src\dxDevice.cpp" />
    <ClCompile Include="Solidum\GraphicsRendering\Directx11Rendering\dxDevice\src\dxDeviceAccessor.cpp" />
    <ClCompile Include="Solidum\GraphicsRendering\Directx11Rendering\dxDevice\src\dxDeviceManager.cpp" />
    <ClCompile Include="Solidum\GraphicsRendering\Directx11Rendering\dxRenderTarget\src\dxRenderTarget.cpp" />
    <ClCompile Include="Solidum\GraphicsRendering\Directx11Rendering\dxShaders\src\dxShader.cpp" />
    <ClCompile Include="Solidum\GraphicsRendering\Directx11Rendering\dxShaders\src\dxShaderInputLayout.cpp" />
    <ClCompile Include="Solidum\GraphicsRendering\Directx11Rendering\dxTextures\src\dxTexture.cpp" />
    <ClCompile Include="Solidum\GraphicsRendering\Directx11Rendering\dxTextures\src\dxTextureSampleState.cpp" />
    <ClCompile Include="Solidum\GraphicsRendering\GPUPipeline\src\GPUPipeline.cpp" />
    <ClCompile Include="Solidum\GraphicsRendering\GraphicsBuffers\src\GPUBuffer.cpp" />
    <ClCompile Include="Solidum\GraphicsRendering\GraphicsCore\src\GraphicsCore.cpp" />
    <ClCompile Include="Solidum\GraphicsRendering\Lights\src\ILight.cpp" />
    <ClCompile Include="Solidum\GraphicsRendering\Lights\src\Light.cpp" />
    <ClCompile Include="Solidum\GraphicsRendering\Material\src\Material.cpp" />
    <ClCompile Include="Solidum\GraphicsRendering\Mesh\src\mesh.cpp" />
    <ClCompile Include="Solidum\GraphicsRendering\Mesh\src\meshLoader.cpp" />
    <ClCompile Include="Solidum\GraphicsRendering\Mesh\src\meshLoaderOBJ.cpp" />
    <ClCompile Include="Solidum\GraphicsRendering\RenderTarget\src\RenderTarget.cpp" />
    <ClCompile Include="Solidum\GraphicsRendering\Shaders\src\Shader.cpp" />
    <ClCompile Include="Solidum\GraphicsRendering\Shaders\src\ShaderInputLayout.cpp" />
    <ClCompile Include="Solidum\GraphicsRendering\Textures\src\Texture.cpp" />
    <ClCompile Include="Solidum\GraphicsRendering\Textures\src\TextureSampler.cpp" />
    <ClCompile Include="Solidum\GraphicsRendering\Transform\src\Transform.cpp" />
    <ClCompile Include="Solidum\GraphicsRendering\Window\src\window.cpp" />
    <ClCompile Include="Solidum\GraphicsRendering\ActiveGraphicsAPI.cpp" />
    <ClCompile Include="Solidum\WorldSimulation\src\WorldCell.cpp" />
    <ClCompile Include="Solidum\EntityFramework\Components\src\IComponent.cpp" />
    <ClCompile Include="Solidum\EntityFramework\Components\src\MoveComponent.cpp" />
    <ClCompile Include="Solidum\EntityFramework\Entity\src\Entity.cpp" />
    <ClCompile Include="Solidum\EventFramework\src\EventHub.cpp" />
    <ClCompile Include="Solidum\EntityFramework\Components\src\MeshComponent.cpp" />
    <ClCompile Include="Solidum\EntityFramework\Components\src\LightComponent.cpp" />
    <ClCompile Include="Solidum\EntityFramework\Entity\src\IEntity.cpp" />
    <ClCompile Include="Solidum\EntityFramework\Components\src\Component.cpp" />
    <ClCompile Include="Solidum\EngineUtils\src\DynamicStruct.cpp" />
    <ClCompile Include="Solidum\EngineUtils\src\StringManipulation.cpp" />
    <ClCompile Include="Solidum\EntityFramework\Components\src\CameraComponent.cpp" />
    <ClCompile Include="Solidum\GraphicsRendering\Directx11Rendering\api_function_wrappers\src\dx11_pipeline_functions_wrapper.cpp" />
    <ClCompile Include="Solidum\GraphicsRendering\ShaderCommands\src\ShaderCommand.cpp" />
    <ClCompile Include="Solidum\GraphicsRendering\PipelineCommands\src\PipelineCommand.cpp" />
    <ClCompile Include="Solidum\GraphicsRendering\PipelineCommands\src\PipelineFunctions.cpp" />
    <ClCompile Include="Solidum\EntityFramework\Components\src\SkydomeWeatherComponent.cpp" />
    <ClCompile Include="Solidum\EntityFramework\Components\src\OrbitComponent.cpp" />
    <ClCompile Include="Solidum\EntityFramework\Components\src\SunMoonLightingComponent.cpp" />
    <ClCompile Include="Solidum\GraphicsRendering\EntityRenderObject\src\EntityRenderObject.cpp" />
    <ClCompile Include="Solidum\GraphicsRendering\EntityRenderObject\src\IEntityRenderObject.cpp" />
    <ClCompile Include="Solidum\GraphicsRendering\Viewport\src\Viewport.cpp" />
    <ClCompile Include="Solidum\GraphicsRendering\GraphicsCommandList\src\GraphicsCommandList.cpp" />
    <ClCompile Include="Solidum\GraphicsRendering\GraphicsCore\src\IGraphicsCore.cpp" />
    <ClCompile Include="Solidum\GraphicsRendering\GraphicsCommand\src\GraphicsCommand.cpp" />
    <ClCompile Include="Solidum\GraphicsRendering\DepthStencil\src\DepthStencil.cpp" />
    <ClCompile Include="Solidum\GraphicsRendering\Directx11Rendering\dxDepthStencil\src\dxDepthStencil.cpp" />
    <ClCompile Include="Solidum\PhysicsFramework\src\BoundingSphere.cpp" />
    <ClCompile Include="Solidum\GraphicsRendering\Particles\src\Particle.cpp" />
    <ClCompile Include="Solidum\GraphicsRendering\Particles\src\ParticleStream.cpp" />
    <ClCompile Include="Solidum\EntityFramework\Components\src\ParticleEmitterComponent.cpp" />
    <ClCompile Include="Solidum\GraphicsRendering\Particles\src\InsertionSort.cpp" />
    <ClCompile Include="Solidum\GraphicsRendering\RenderFlowGraph\src\RenderFlowGraph.cpp" />
    <ClCompile Include="Solidum\GraphicsRendering\Shaders\src\ShaderParser.cpp" />
    <ClCompile Include="Solidum\GraphicsRendering\RenderFlowGraph\src\RenderFlowGraphParser.cpp" />
    <ClCompile Include="Solidum\GraphicsRendering\RenderFlowGraph\src\RenderFlowGraphIOInterface.cpp" />
    <ClCompile Include="Solidum\EventFramework\src\Event.cpp" />
    <ClCompile Include="Solidum\TaskFramework\src\TaskTree.cpp" />
    <ClCompile Include="Solidum\TaskFramework\src\TaskThread.cpp" />
    <ClCompile Include="Solidum\TaskFramework\src\Task.cpp" />
    <ClCompile Include="Solidum\TaskFramework\src\TaskBarrier.cpp" />
    <ClCompile Include="Solidum\GraphicsRendering\SpatialAccelerationStructures\src\TypeOptimizedTree.cpp" />
    <ClCompile Include="Solidum\GraphicsRendering\RenderDataProtocal\src\RenderDataPacket.cpp" />
    <ClCompile Include="Solidum\GraphicsRendering\RenderDataProtocal\src\RenderDataGroup.cpp" />
    <ClCompile Include="Solidum\GraphicsRendering\Renderer\src\Renderer.cpp" />
    <ClCompile Include="Solidum\GraphicsRendering\RenderPass\src\RenderPassWrapper.cpp" />
    <ClCompile Include="Solidum\GraphicsRendering\RenderPass\src\RenderPassDescriptorParser.cpp" />
    <ClCompile Include="Solidum\GraphicsRendering\Shaders\src\ShaderUniformGroup.cpp" />
    <ClCompile Include="Solidum\GraphicsRendering\RenderDataProcessingLayers\src\RenderDataProcessingLayer.cpp" />
    <ClCompile Include="Solidum\GraphicsRendering\RenderDataProcessingLayers\src\FrustumCullingLayer.cpp" />
    <ClCompile Include="Solidum\MemoryManagement\src\SlabCache.cpp" />
    <ClCompile Include="Solidum\ResourceFramework\src\ResourceCreator.cpp" />
    <ClCompile Include="Solidum\ResourceFramework\src\Resource.cpp" />
    <ClCompile Include="Solidum\ResourceFramework\src\ResourceInitParams.cpp" />
    <ClCompile Include="Solidum\ResourceFramework\src\ResourceContext.cpp" />
    <ClCompile Include="Solidum\ResourceFramework\src\IResource.cpp" />
    <ClCompile Include="Solidum\EngineCore\src\IEngineInstance.cpp" />
    <ClCompile Include="Solidum\ResourceFramework\src\ResourceLookupCache.cpp" />
    <ClCompile Include="Solidum\GraphicsRendering\Textures\src\TextureFactory.cpp" />
    <ClCompile Include="Solidum\GraphicsRendering\Textures\src\TextureSamplerFactory.cpp" />
    <ClCompile Include="Solidum\GraphicsRendering\RenderTarget\src\RenderTargetFactory.cpp" />
    <ClCompile Include="Solidum\GraphicsRendering\GraphicsBuffers\src\GPUBufferFactory.cpp" />
    <ClCompile Include="Solidum\GraphicsRendering\DepthStencil\src\DepthStencilFactory.cpp" />
    <ClCompile Include="Solidum\GraphicsRendering\Shaders\src\ShaderFactory.cpp" />
    <ClCompile Include="Solidum\MemoryManagement\src\RefCounted.cpp" />
    <ClCompile Include="Solidum\EngineUtils\src\PerfProfiler.cpp" />
  </ItemGroup>
</Project>